
Microsoft Visual Studio Solution File, Format Version 12.00
# Visual Studio Version 17
VisualStudioVersion = 17.1.32328.378
MinimumVisualStudioVersion = 10.0.40219.1
Project("{FAE04EC0-301F-11D3-BF4B-00C04F79EFBC}") = "HenuNetToolNF", "HenuNetToolNF.csproj", "{674A9792-DA41-4425-B02D-67471A53C91B}"
EndProject
Global
	GlobalSection(SolutionConfigurationPlatforms) = preSolution
		Debug|Any CPU = Debug|Any CPU
		Release|Any CPU = Release|Any CPU
	EndGlobalSection
	GlobalSection(ProjectConfigurationPlatforms) = postSolution
		{674A9792-DA41-4425-B02D-67471A53C91B}.Debug|Any CPU.ActiveCfg = Debug|Any CPU
		{674A9792-DA41-4425-B02D-67471A53C91B}.Debug|Any CPU.Build.0 = Debug|Any CPU
		{674A9792-DA41-4425-B02D-67471A53C91B}.Release|Any CPU.ActiveCfg = Release|Any CPU
		{674A9792-DA41-4425-B02D-67471A53C91B}.Release|Any CPU.Build.0 = Release|Any CPU
	EndGlobalSection
	GlobalSection(SolutionProperties) = preSolution
		HideSolutionNode = FALSE
	EndGlobalSection
	GlobalSection(ExtensibilityGlobals) = postSolution
		SolutionGuid = {3849FEFE-3AC6-44EC-81DD-73032D68380C}
	EndGlobalSection
EndGlobal
